
Microsoft Visual Studio Solution File, Format Version 12.00
# Visual Studio Version 17
VisualStudioVersion = 17.13.35931.197 d17.13
MinimumVisualStudioVersion = 10.0.40219.1
Project("{FAE04EC0-301F-11D3-BF4B-00C04F79EFBC}") = "bdhlession01", "bdhlession01\bdhlession01.csproj", "{6581D3B6-B2D3-4A16-AC8F-C0A170BD20F6}"
EndProject
Global
	GlobalSection(SolutionConfigurationPlatforms) = preSolution
		Debug|Any CPU = Debug|Any CPU
		Release|Any CPU = Release|Any CPU
	EndGlobalSection
	GlobalSection(ProjectConfigurationPlatforms) = postSolution
		{6581D3B6-B2D3-4A16-AC8F-C0A170BD20F6}.Debug|Any CPU.ActiveCfg = Debug|Any CPU
		{6581D3B6-B2D3-4A16-AC8F-C0A170BD20F6}.Debug|Any CPU.Build.0 = Debug|Any CPU
		{6581D3B6-B2D3-4A16-AC8F-C0A170BD20F6}.Release|Any CPU.ActiveCfg = Release|Any CPU
		{6581D3B6-B2D3-4A16-AC8F-C0A170BD20F6}.Release|Any CPU.Build.0 = Release|Any CPU
	EndGlobalSection
	GlobalSection(SolutionProperties) = preSolution
		HideSolutionNode = FALSE
	EndGlobalSection
	GlobalSection(ExtensibilityGlobals) = postSolution
		SolutionGuid = {E4F04EA2-8BD8-4552-ACBE-EA67C9CEDB36}
	EndGlobalSection
EndGlobal
