
Microsoft Visual Studio Solution File, Format Version 12.00
# Visual Studio Version 17
VisualStudioVersion = 17.13.35931.197 d17.13
MinimumVisualStudioVersion = 10.0.40219.1
Project("{FAE04EC0-301F-11D3-BF4B-00C04F79EFBC}") = "MyAppMVC", "MyAppMVC\MyAppMVC.csproj", "{5D2B5203-1325-41D3-823B-DC8A5ABA9956}"
EndProject
Global
	GlobalSection(SolutionConfigurationPlatforms) = preSolution
		Debug|Any CPU = Debug|Any CPU
		Release|Any CPU = Release|Any CPU
	EndGlobalSection
	GlobalSection(ProjectConfigurationPlatforms) = postSolution
		{5D2B5203-1325-41D3-823B-DC8A5ABA9956}.Debug|Any CPU.ActiveCfg = Debug|Any CPU
		{5D2B5203-1325-41D3-823B-DC8A5ABA9956}.Debug|Any CPU.Build.0 = Debug|Any CPU
		{5D2B5203-1325-41D3-823B-DC8A5ABA9956}.Release|Any CPU.ActiveCfg = Release|Any CPU
		{5D2B5203-1325-41D3-823B-DC8A5ABA9956}.Release|Any CPU.Build.0 = Release|Any CPU
	EndGlobalSection
	GlobalSection(SolutionProperties) = preSolution
		HideSolutionNode = FALSE
	EndGlobalSection
	GlobalSection(ExtensibilityGlobals) = postSolution
		SolutionGuid = {41DC7937-EB08-4502-98E1-A78222223E88}
	EndGlobalSection
EndGlobal
